
Microsoft Visual Studio Solution File, Format Version 12.00
# Visual Studio Version 17
VisualStudioVersion = 17.1.32210.238
MinimumVisualStudioVersion = 10.0.40219.1
Project("{9A19103F-16F7-4668-BE54-9A1E7A4F7556}") = "Teatru.Web", "Teatru.Web.csproj", "{9675A3B1-21A3-4DF8-9285-C7BC2C8FB060}"
EndProject
Project("{9A19103F-16F7-4668-BE54-9A1E7A4F7556}") = "Teatru.Data", "..\Teatru.Data\Teatru.Data.csproj", "{312AD2EF-9351-4EB7-A93E-8D246F7B7858}"
EndProject
Project("{9A19103F-16F7-4668-BE54-9A1E7A4F7556}") = "Teatru.Services", "..\Teatru.Services\Teatru.Services.csproj", "{69934219-80B8-449C-8D9A-1A7F8F15ED90}"
EndProject
Project("{2150E333-8FDC-42A3-9474-1A3956D46DE8}") = "Solution Items", "Solution Items", "{73E6B0E2-C312-4157-9B81-FAE9FD920CF3}"
EndProject
Global
	GlobalSection(SolutionConfigurationPlatforms) = preSolution
		Debug|Any CPU = Debug|Any CPU
		Release|Any CPU = Release|Any CPU
	EndGlobalSection
	GlobalSection(ProjectConfigurationPlatforms) = postSolution
		{9675A3B1-21A3-4DF8-9285-C7BC2C8FB060}.Debug|Any CPU.ActiveCfg = Debug|Any CPU
		{9675A3B1-21A3-4DF8-9285-C7BC2C8FB060}.Debug|Any CPU.Build.0 = Debug|Any CPU
		{9675A3B1-21A3-4DF8-9285-C7BC2C8FB060}.Release|Any CPU.ActiveCfg = Release|Any CPU
		{9675A3B1-21A3-4DF8-9285-C7BC2C8FB060}.Release|Any CPU.Build.0 = Release|Any CPU
		{312AD2EF-9351-4EB7-A93E-8D246F7B7858}.Debug|Any CPU.ActiveCfg = Debug|Any CPU
		{312AD2EF-9351-4EB7-A93E-8D246F7B7858}.Debug|Any CPU.Build.0 = Debug|Any CPU
		{312AD2EF-9351-4EB7-A93E-8D246F7B7858}.Release|Any CPU.ActiveCfg = Release|Any CPU
		{312AD2EF-9351-4EB7-A93E-8D246F7B7858}.Release|Any CPU.Build.0 = Release|Any CPU
		{69934219-80B8-449C-8D9A-1A7F8F15ED90}.Debug|Any CPU.ActiveCfg = Debug|Any CPU
		{69934219-80B8-449C-8D9A-1A7F8F15ED90}.Debug|Any CPU.Build.0 = Debug|Any CPU
		{69934219-80B8-449C-8D9A-1A7F8F15ED90}.Release|Any CPU.ActiveCfg = Release|Any CPU
		{69934219-80B8-449C-8D9A-1A7F8F15ED90}.Release|Any CPU.Build.0 = Release|Any CPU
	EndGlobalSection
	GlobalSection(SolutionProperties) = preSolution
		HideSolutionNode = FALSE
	EndGlobalSection
	GlobalSection(ExtensibilityGlobals) = postSolution
		SolutionGuid = {7460DD57-55CC-41C3-A4FF-C2C619ABD1DE}
	EndGlobalSection
EndGlobal
